
Microsoft Visual Studio Solution File, Format Version 12.00
# Visual Studio Version 17
VisualStudioVersion = 17.11.35312.102
MinimumVisualStudioVersion = 10.0.40219.1
Project("{FAE04EC0-301F-11D3-BF4B-00C04F79EFBC}") = "FindADoctor", "FindADoctor\FindADoctor.csproj", "{BBDE83B4-99B5-4287-9FA8-9E0F7AEAF91A}"
EndProject
Global
	GlobalSection(SolutionConfigurationPlatforms) = preSolution
		Debug|Any CPU = Debug|Any CPU
		Release|Any CPU = Release|Any CPU
	EndGlobalSection
	GlobalSection(ProjectConfigurationPlatforms) = postSolution
		{BBDE83B4-99B5-4287-9FA8-9E0F7AEAF91A}.Debug|Any CPU.ActiveCfg = Debug|Any CPU
		{BBDE83B4-99B5-4287-9FA8-9E0F7AEAF91A}.Debug|Any CPU.Build.0 = Debug|Any CPU
		{BBDE83B4-99B5-4287-9FA8-9E0F7AEAF91A}.Release|Any CPU.ActiveCfg = Release|Any CPU
		{BBDE83B4-99B5-4287-9FA8-9E0F7AEAF91A}.Release|Any CPU.Build.0 = Release|Any CPU
	EndGlobalSection
	GlobalSection(SolutionProperties) = preSolution
		HideSolutionNode = FALSE
	EndGlobalSection
	GlobalSection(ExtensibilityGlobals) = postSolution
		SolutionGuid = {3485F364-BCD2-4342-AD74-DBEA7CBEDA31}
	EndGlobalSection
EndGlobal
